
Microsoft Visual Studio Solution File, Format Version 12.00
# Visual Studio 14
VisualStudioVersion = 14.0.25420.1
MinimumVisualStudioVersion = 10.0.40219.1
Project("{2150E333-8FDC-42A3-9474-1A3956D46DE8}") = "src", "src", "{1D1EFCA5-293A-419A-8377-9F792795FC95}"
EndProject
Project("{2150E333-8FDC-42A3-9474-1A3956D46DE8}") = "Solution Items", "Solution Items", "{B25B101A-1393-47CC-B5A3-B323A4436346}"
	ProjectSection(SolutionItems) = preProject
		global.json = global.json
	EndProjectSection
EndProject
Project("{8BB2217D-0F2D-49D1-97BC-3654ED321F3B}") = "MyServices", "src\MyServices\MyServices.xproj", "{DE6462A0-1239-409B-AEC4-2CC74DD299CC}"
EndProject
Global
	GlobalSection(SolutionConfigurationPlatforms) = preSolution
		Debug|Any CPU = Debug|Any CPU
		Release|Any CPU = Release|Any CPU
	EndGlobalSection
	GlobalSection(ProjectConfigurationPlatforms) = postSolution
		{DE6462A0-1239-409B-AEC4-2CC74DD299CC}.Debug|Any CPU.ActiveCfg = Debug|Any CPU
		{DE6462A0-1239-409B-AEC4-2CC74DD299CC}.Debug|Any CPU.Build.0 = Debug|Any CPU
		{DE6462A0-1239-409B-AEC4-2CC74DD299CC}.Release|Any CPU.ActiveCfg = Release|Any CPU
		{DE6462A0-1239-409B-AEC4-2CC74DD299CC}.Release|Any CPU.Build.0 = Release|Any CPU
	EndGlobalSection
	GlobalSection(SolutionProperties) = preSolution
		HideSolutionNode = FALSE
	EndGlobalSection
	GlobalSection(NestedProjects) = preSolution
		{DE6462A0-1239-409B-AEC4-2CC74DD299CC} = {1D1EFCA5-293A-419A-8377-9F792795FC95}
	EndGlobalSection
EndGlobal
